
Microsoft Visual Studio Solution File, Format Version 12.00
# Visual Studio 15
VisualStudioVersion = 15.0.28010.2046
MinimumVisualStudioVersion = 10.0.40219.1
Project("{FAE04EC0-301F-11D3-BF4B-00C04F79EFBC}") = "LinkTransactionAPI", "LinkTransactionAPI\LinkTransactionAPI.csproj", "{7CF69D8B-DE16-4E7F-89E0-23733B9B34ED}"
EndProject
Global
	GlobalSection(SolutionConfigurationPlatforms) = preSolution
		Debug|Any CPU = Debug|Any CPU
		Release|Any CPU = Release|Any CPU
	EndGlobalSection
	GlobalSection(ProjectConfigurationPlatforms) = postSolution
		{7CF69D8B-DE16-4E7F-89E0-23733B9B34ED}.Debug|Any CPU.ActiveCfg = Debug|Any CPU
		{7CF69D8B-DE16-4E7F-89E0-23733B9B34ED}.Debug|Any CPU.Build.0 = Debug|Any CPU
		{7CF69D8B-DE16-4E7F-89E0-23733B9B34ED}.Release|Any CPU.ActiveCfg = Release|Any CPU
		{7CF69D8B-DE16-4E7F-89E0-23733B9B34ED}.Release|Any CPU.Build.0 = Release|Any CPU
	EndGlobalSection
	GlobalSection(SolutionProperties) = preSolution
		HideSolutionNode = FALSE
	EndGlobalSection
	GlobalSection(ExtensibilityGlobals) = postSolution
		SolutionGuid = {A9F27441-1FD4-43F7-B124-4F09FA8E8FD5}
	EndGlobalSection
EndGlobal
